
Microsoft Visual Studio Solution File, Format Version 12.00
# Visual Studio Version 17
VisualStudioVersion = 17.12.35521.163
MinimumVisualStudioVersion = 10.0.40219.1
Project("{2150E333-8FDC-42A3-9474-1A3956D46DE8}") = "Services", "Services", "{22795D49-0BD6-4412-AEA6-1F4D995130B0}"
EndProject
Project("{2150E333-8FDC-42A3-9474-1A3956D46DE8}") = "Catalog", "Catalog", "{E4993143-400E-4A53-814E-889F7EF548DF}"
EndProject
Project("{FAE04EC0-301F-11D3-BF4B-00C04F79EFBC}") = "EShopper.Catalog", "Services\Catalog\EShopper.Catalog\EShopper.Catalog.csproj", "{4B533BBC-8F9A-4D86-9187-EDE5875DD675}"
EndProject
Project("{2150E333-8FDC-42A3-9474-1A3956D46DE8}") = "Discount", "Discount", "{9F97C1C6-5D36-4FD7-81C6-6C7C68C90641}"
EndProject
Project("{FAE04EC0-301F-11D3-BF4B-00C04F79EFBC}") = "EShopper.Discount", "Services\Discount\EShopper.Discount\EShopper.Discount.csproj", "{7EA2559D-AC4E-4639-ACC5-5A1EC7C08063}"
EndProject
Project("{2150E333-8FDC-42A3-9474-1A3956D46DE8}") = "Order", "Order", "{17072620-6990-411D-A98F-211504ACEA94}"
EndProject
Project("{2150E333-8FDC-42A3-9474-1A3956D46DE8}") = "Core", "Core", "{07E7A79F-D5C2-4C63-A051-E5F5DBDE3811}"
EndProject
Project("{2150E333-8FDC-42A3-9474-1A3956D46DE8}") = "Infrastructure", "Infrastructure", "{7E8595BD-1C44-4267-999B-1C2B6B3DF4AF}"
EndProject
Project("{2150E333-8FDC-42A3-9474-1A3956D46DE8}") = "Presentation", "Presentation", "{33E144E8-120F-4272-9141-8FCF0F36B586}"
EndProject
Project("{FAE04EC0-301F-11D3-BF4B-00C04F79EFBC}") = "EShopper.Order.Domain", "Services\Order\Core\EShopper.Order.Domain\EShopper.Order.Domain.csproj", "{68D82970-F873-4787-A958-89DCA43D1F06}"
EndProject
Project("{FAE04EC0-301F-11D3-BF4B-00C04F79EFBC}") = "EShopper.Order.Application", "Services\Order\Core\EShopper.Order.Application\EShopper.Order.Application.csproj", "{285D6582-82D7-48F1-AD91-14FC8067EFCE}"
EndProject
Project("{FAE04EC0-301F-11D3-BF4B-00C04F79EFBC}") = "EShopper.Order.Presentation", "Services\Order\Infrastructure\EShopper.Order.Presentation\EShopper.Order.Presentation.csproj", "{ADB97B31-A245-4323-BDF9-DB1B5B4F673F}"
EndProject
Project("{FAE04EC0-301F-11D3-BF4B-00C04F79EFBC}") = "EShopper.Order.WebApi", "Services\Order\Presentation\EShopper.Order.WebApi\EShopper.Order.WebApi.csproj", "{3D8B0747-E730-4FB1-ABAC-6FA7965376E3}"
EndProject
Project("{2150E333-8FDC-42A3-9474-1A3956D46DE8}") = "IdentityServer", "IdentityServer", "{4DC8921F-65CC-4C8B-87BC-CF2893EF349F}"
EndProject
Project("{FAE04EC0-301F-11D3-BF4B-00C04F79EFBC}") = "EShopper.IdentityServer", "IdentityServer\EShopper.IdentityServer\EShopper.IdentityServer.csproj", "{521B7595-104C-4354-AE7C-27239A135CC7}"
EndProject
Project("{2150E333-8FDC-42A3-9474-1A3956D46DE8}") = "Shipping", "Shipping", "{8FA73EFB-E3C7-434D-B4EF-25924216FBCB}"
EndProject
Project("{FAE04EC0-301F-11D3-BF4B-00C04F79EFBC}") = "EShopper.Shipping.EntityLayer", "Services\Shipping\EShopper.Shipping.EntityLayer\EShopper.Shipping.EntityLayer.csproj", "{171441AA-CE37-43B2-ABB7-0D688AC34AA6}"
EndProject
Project("{FAE04EC0-301F-11D3-BF4B-00C04F79EFBC}") = "EShopper.Shipping.DataAccessLayer", "Services\Shipping\EShopper.Shipping.DataAccessLayer\EShopper.Shipping.DataAccessLayer.csproj", "{B9936785-22FC-4F07-AD98-66B58F8FEF0B}"
EndProject
Project("{FAE04EC0-301F-11D3-BF4B-00C04F79EFBC}") = "EShopper.Shipping.DtoLayer", "Services\Shipping\EShopper.Shipping.DtoLayer\EShopper.Shipping.DtoLayer.csproj", "{833E97FB-7AF2-4BDC-AF1F-2EE5FF4C1E76}"
EndProject
Project("{FAE04EC0-301F-11D3-BF4B-00C04F79EFBC}") = "EShopper.Shipping.Api", "Services\Shipping\EShopper.Shipping.Api\EShopper.Shipping.Api.csproj", "{B805724A-05C3-43D9-ADA8-412C76F5EAC3}"
EndProject
Project("{FAE04EC0-301F-11D3-BF4B-00C04F79EFBC}") = "EShopper.Shipping.BusinessLayer", "Services\Shipping\EShopper.Shipping.BusinessLayer\EShopper.Shipping.BusinessLayer.csproj", "{D8CFCB4E-6C52-4555-BC00-62D62CB6443E}"
EndProject
Project("{FAE04EC0-301F-11D3-BF4B-00C04F79EFBC}") = "EShopper.Shipping.MappingLayer", "EShopper.Shipping.MappingLayer\EShopper.Shipping.MappingLayer.csproj", "{5C98A896-ECF5-4F76-ABD1-81E0B99EE6DE}"
EndProject
Global
	GlobalSection(SolutionConfigurationPlatforms) = preSolution
		Debug|Any CPU = Debug|Any CPU
		Release|Any CPU = Release|Any CPU
	EndGlobalSection
	GlobalSection(ProjectConfigurationPlatforms) = postSolution
		{4B533BBC-8F9A-4D86-9187-EDE5875DD675}.Debug|Any CPU.ActiveCfg = Debug|Any CPU
		{4B533BBC-8F9A-4D86-9187-EDE5875DD675}.Debug|Any CPU.Build.0 = Debug|Any CPU
		{4B533BBC-8F9A-4D86-9187-EDE5875DD675}.Release|Any CPU.ActiveCfg = Release|Any CPU
		{4B533BBC-8F9A-4D86-9187-EDE5875DD675}.Release|Any CPU.Build.0 = Release|Any CPU
		{7EA2559D-AC4E-4639-ACC5-5A1EC7C08063}.Debug|Any CPU.ActiveCfg = Debug|Any CPU
		{7EA2559D-AC4E-4639-ACC5-5A1EC7C08063}.Debug|Any CPU.Build.0 = Debug|Any CPU
		{7EA2559D-AC4E-4639-ACC5-5A1EC7C08063}.Release|Any CPU.ActiveCfg = Release|Any CPU
		{7EA2559D-AC4E-4639-ACC5-5A1EC7C08063}.Release|Any CPU.Build.0 = Release|Any CPU
		{68D82970-F873-4787-A958-89DCA43D1F06}.Debug|Any CPU.ActiveCfg = Debug|Any CPU
		{68D82970-F873-4787-A958-89DCA43D1F06}.Debug|Any CPU.Build.0 = Debug|Any CPU
		{68D82970-F873-4787-A958-89DCA43D1F06}.Release|Any CPU.ActiveCfg = Release|Any CPU
		{68D82970-F873-4787-A958-89DCA43D1F06}.Release|Any CPU.Build.0 = Release|Any CPU
		{285D6582-82D7-48F1-AD91-14FC8067EFCE}.Debug|Any CPU.ActiveCfg = Debug|Any CPU
		{285D6582-82D7-48F1-AD91-14FC8067EFCE}.Debug|Any CPU.Build.0 = Debug|Any CPU
		{285D6582-82D7-48F1-AD91-14FC8067EFCE}.Release|Any CPU.ActiveCfg = Release|Any CPU
		{285D6582-82D7-48F1-AD91-14FC8067EFCE}.Release|Any CPU.Build.0 = Release|Any CPU
		{ADB97B31-A245-4323-BDF9-DB1B5B4F673F}.Debug|Any CPU.ActiveCfg = Debug|Any CPU
		{ADB97B31-A245-4323-BDF9-DB1B5B4F673F}.Debug|Any CPU.Build.0 = Debug|Any CPU
		{ADB97B31-A245-4323-BDF9-DB1B5B4F673F}.Release|Any CPU.ActiveCfg = Release|Any CPU
		{ADB97B31-A245-4323-BDF9-DB1B5B4F673F}.Release|Any CPU.Build.0 = Release|Any CPU
		{3D8B0747-E730-4FB1-ABAC-6FA7965376E3}.Debug|Any CPU.ActiveCfg = Debug|Any CPU
		{3D8B0747-E730-4FB1-ABAC-6FA7965376E3}.Debug|Any CPU.Build.0 = Debug|Any CPU
		{3D8B0747-E730-4FB1-ABAC-6FA7965376E3}.Release|Any CPU.ActiveCfg = Release|Any CPU
		{3D8B0747-E730-4FB1-ABAC-6FA7965376E3}.Release|Any CPU.Build.0 = Release|Any CPU
		{521B7595-104C-4354-AE7C-27239A135CC7}.Debug|Any CPU.ActiveCfg = Debug|Any CPU
		{521B7595-104C-4354-AE7C-27239A135CC7}.Debug|Any CPU.Build.0 = Debug|Any CPU
		{521B7595-104C-4354-AE7C-27239A135CC7}.Release|Any CPU.ActiveCfg = Release|Any CPU
		{521B7595-104C-4354-AE7C-27239A135CC7}.Release|Any CPU.Build.0 = Release|Any CPU
		{171441AA-CE37-43B2-ABB7-0D688AC34AA6}.Debug|Any CPU.ActiveCfg = Debug|Any CPU
		{171441AA-CE37-43B2-ABB7-0D688AC34AA6}.Debug|Any CPU.Build.0 = Debug|Any CPU
		{171441AA-CE37-43B2-ABB7-0D688AC34AA6}.Release|Any CPU.ActiveCfg = Release|Any CPU
		{171441AA-CE37-43B2-ABB7-0D688AC34AA6}.Release|Any CPU.Build.0 = Release|Any CPU
		{B9936785-22FC-4F07-AD98-66B58F8FEF0B}.Debug|Any CPU.ActiveCfg = Debug|Any CPU
		{B9936785-22FC-4F07-AD98-66B58F8FEF0B}.Debug|Any CPU.Build.0 = Debug|Any CPU
		{B9936785-22FC-4F07-AD98-66B58F8FEF0B}.Release|Any CPU.ActiveCfg = Release|Any CPU
		{B9936785-22FC-4F07-AD98-66B58F8FEF0B}.Release|Any CPU.Build.0 = Release|Any CPU
		{833E97FB-7AF2-4BDC-AF1F-2EE5FF4C1E76}.Debug|Any CPU.ActiveCfg = Debug|Any CPU
		{833E97FB-7AF2-4BDC-AF1F-2EE5FF4C1E76}.Debug|Any CPU.Build.0 = Debug|Any CPU
		{833E97FB-7AF2-4BDC-AF1F-2EE5FF4C1E76}.Release|Any CPU.ActiveCfg = Release|Any CPU
		{833E97FB-7AF2-4BDC-AF1F-2EE5FF4C1E76}.Release|Any CPU.Build.0 = Release|Any CPU
		{B805724A-05C3-43D9-ADA8-412C76F5EAC3}.Debug|Any CPU.ActiveCfg = Debug|Any CPU
		{B805724A-05C3-43D9-ADA8-412C76F5EAC3}.Debug|Any CPU.Build.0 = Debug|Any CPU
		{B805724A-05C3-43D9-ADA8-412C76F5EAC3}.Release|Any CPU.ActiveCfg = Release|Any CPU
		{B805724A-05C3-43D9-ADA8-412C76F5EAC3}.Release|Any CPU.Build.0 = Release|Any CPU
		{D8CFCB4E-6C52-4555-BC00-62D62CB6443E}.Debug|Any CPU.ActiveCfg = Debug|Any CPU
		{D8CFCB4E-6C52-4555-BC00-62D62CB6443E}.Debug|Any CPU.Build.0 = Debug|Any CPU
		{D8CFCB4E-6C52-4555-BC00-62D62CB6443E}.Release|Any CPU.ActiveCfg = Release|Any CPU
		{D8CFCB4E-6C52-4555-BC00-62D62CB6443E}.Release|Any CPU.Build.0 = Release|Any CPU
		{5C98A896-ECF5-4F76-ABD1-81E0B99EE6DE}.Debug|Any CPU.ActiveCfg = Debug|Any CPU
		{5C98A896-ECF5-4F76-ABD1-81E0B99EE6DE}.Debug|Any CPU.Build.0 = Debug|Any CPU
		{5C98A896-ECF5-4F76-ABD1-81E0B99EE6DE}.Release|Any CPU.ActiveCfg = Release|Any CPU
		{5C98A896-ECF5-4F76-ABD1-81E0B99EE6DE}.Release|Any CPU.Build.0 = Release|Any CPU
	EndGlobalSection
	GlobalSection(SolutionProperties) = preSolution
		HideSolutionNode = FALSE
	EndGlobalSection
	GlobalSection(NestedProjects) = preSolution
		{E4993143-400E-4A53-814E-889F7EF548DF} = {22795D49-0BD6-4412-AEA6-1F4D995130B0}
		{4B533BBC-8F9A-4D86-9187-EDE5875DD675} = {E4993143-400E-4A53-814E-889F7EF548DF}
		{9F97C1C6-5D36-4FD7-81C6-6C7C68C90641} = {22795D49-0BD6-4412-AEA6-1F4D995130B0}
		{7EA2559D-AC4E-4639-ACC5-5A1EC7C08063} = {9F97C1C6-5D36-4FD7-81C6-6C7C68C90641}
		{17072620-6990-411D-A98F-211504ACEA94} = {22795D49-0BD6-4412-AEA6-1F4D995130B0}
		{07E7A79F-D5C2-4C63-A051-E5F5DBDE3811} = {17072620-6990-411D-A98F-211504ACEA94}
		{7E8595BD-1C44-4267-999B-1C2B6B3DF4AF} = {17072620-6990-411D-A98F-211504ACEA94}
		{33E144E8-120F-4272-9141-8FCF0F36B586} = {17072620-6990-411D-A98F-211504ACEA94}
		{68D82970-F873-4787-A958-89DCA43D1F06} = {07E7A79F-D5C2-4C63-A051-E5F5DBDE3811}
		{285D6582-82D7-48F1-AD91-14FC8067EFCE} = {07E7A79F-D5C2-4C63-A051-E5F5DBDE3811}
		{ADB97B31-A245-4323-BDF9-DB1B5B4F673F} = {7E8595BD-1C44-4267-999B-1C2B6B3DF4AF}
		{3D8B0747-E730-4FB1-ABAC-6FA7965376E3} = {33E144E8-120F-4272-9141-8FCF0F36B586}
		{521B7595-104C-4354-AE7C-27239A135CC7} = {4DC8921F-65CC-4C8B-87BC-CF2893EF349F}
		{8FA73EFB-E3C7-434D-B4EF-25924216FBCB} = {22795D49-0BD6-4412-AEA6-1F4D995130B0}
		{171441AA-CE37-43B2-ABB7-0D688AC34AA6} = {8FA73EFB-E3C7-434D-B4EF-25924216FBCB}
		{B9936785-22FC-4F07-AD98-66B58F8FEF0B} = {8FA73EFB-E3C7-434D-B4EF-25924216FBCB}
		{833E97FB-7AF2-4BDC-AF1F-2EE5FF4C1E76} = {8FA73EFB-E3C7-434D-B4EF-25924216FBCB}
		{B805724A-05C3-43D9-ADA8-412C76F5EAC3} = {8FA73EFB-E3C7-434D-B4EF-25924216FBCB}
		{D8CFCB4E-6C52-4555-BC00-62D62CB6443E} = {8FA73EFB-E3C7-434D-B4EF-25924216FBCB}
		{5C98A896-ECF5-4F76-ABD1-81E0B99EE6DE} = {8FA73EFB-E3C7-434D-B4EF-25924216FBCB}
	EndGlobalSection
EndGlobal
