
Microsoft Visual Studio Solution File, Format Version 12.00
# Visual Studio Version 17
VisualStudioVersion = 17.12.35521.163
MinimumVisualStudioVersion = 10.0.40219.1
Project("{2150E333-8FDC-42A3-9474-1A3956D46DE8}") = "Services", "Services", "{22795D49-0BD6-4412-AEA6-1F4D995130B0}"
EndProject
Project("{2150E333-8FDC-42A3-9474-1A3956D46DE8}") = "Catalog", "Catalog", "{E4993143-400E-4A53-814E-889F7EF548DF}"
EndProject
Project("{FAE04EC0-301F-11D3-BF4B-00C04F79EFBC}") = "EShopper.Catalog", "Services\Catalog\EShopper.Catalog\EShopper.Catalog.csproj", "{4B533BBC-8F9A-4D86-9187-EDE5875DD675}"
EndProject
Project("{2150E333-8FDC-42A3-9474-1A3956D46DE8}") = "Discount", "Discount", "{9F97C1C6-5D36-4FD7-81C6-6C7C68C90641}"
EndProject
Project("{FAE04EC0-301F-11D3-BF4B-00C04F79EFBC}") = "EShopper.Discount", "Services\Discount\EShopper.Discount\EShopper.Discount.csproj", "{7EA2559D-AC4E-4639-ACC5-5A1EC7C08063}"
EndProject
Project("{2150E333-8FDC-42A3-9474-1A3956D46DE8}") = "Order", "Order", "{17072620-6990-411D-A98F-211504ACEA94}"
EndProject
Project("{2150E333-8FDC-42A3-9474-1A3956D46DE8}") = "Core", "Core", "{07E7A79F-D5C2-4C63-A051-E5F5DBDE3811}"
EndProject
Project("{2150E333-8FDC-42A3-9474-1A3956D46DE8}") = "Infrastructure", "Infrastructure", "{7E8595BD-1C44-4267-999B-1C2B6B3DF4AF}"
EndProject
Project("{2150E333-8FDC-42A3-9474-1A3956D46DE8}") = "Presentation", "Presentation", "{33E144E8-120F-4272-9141-8FCF0F36B586}"
EndProject
Project("{FAE04EC0-301F-11D3-BF4B-00C04F79EFBC}") = "EShopper.Order.Domain", "Services\Order\Core\EShopper.Order.Domain\EShopper.Order.Domain.csproj", "{68D82970-F873-4787-A958-89DCA43D1F06}"
EndProject
Project("{FAE04EC0-301F-11D3-BF4B-00C04F79EFBC}") = "EShopper.Order.Application", "Services\Order\Core\EShopper.Order.Application\EShopper.Order.Application.csproj", "{285D6582-82D7-48F1-AD91-14FC8067EFCE}"
EndProject
Project("{FAE04EC0-301F-11D3-BF4B-00C04F79EFBC}") = "EShopper.Order.Presentation", "Services\Order\Infrastructure\EShopper.Order.Presentation\EShopper.Order.Presentation.csproj", "{ADB97B31-A245-4323-BDF9-DB1B5B4F673F}"
EndProject
Project("{FAE04EC0-301F-11D3-BF4B-00C04F79EFBC}") = "EShopper.Order.WebApi", "Services\Order\Presentation\EShopper.Order.WebApi\EShopper.Order.WebApi.csproj", "{3D8B0747-E730-4FB1-ABAC-6FA7965376E3}"
EndProject
Project("{2150E333-8FDC-42A3-9474-1A3956D46DE8}") = "IdentityServer", "IdentityServer", "{4DC8921F-65CC-4C8B-87BC-CF2893EF349F}"
EndProject
Project("{FAE04EC0-301F-11D3-BF4B-00C04F79EFBC}") = "EShopper.IdentityServer", "IdentityServer\EShopper.IdentityServer\EShopper.IdentityServer.csproj", "{521B7595-104C-4354-AE7C-27239A135CC7}"
EndProject
Project("{2150E333-8FDC-42A3-9474-1A3956D46DE8}") = "Shipping", "Shipping", "{8FA73EFB-E3C7-434D-B4EF-25924216FBCB}"
EndProject
Project("{FAE04EC0-301F-11D3-BF4B-00C04F79EFBC}") = "EShopper.Shipping.EntityLayer", "Services\Shipping\EShopper.Shipping.EntityLayer\EShopper.Shipping.EntityLayer.csproj", "{171441AA-CE37-43B2-ABB7-0D688AC34AA6}"
EndProject
Project("{FAE04EC0-301F-11D3-BF4B-00C04F79EFBC}") = "EShopper.Shipping.DataAccessLayer", "Services\Shipping\EShopper.Shipping.DataAccessLayer\EShopper.Shipping.DataAccessLayer.csproj", "{B9936785-22FC-4F07-AD98-66B58F8FEF0B}"
EndProject
Project("{FAE04EC0-301F-11D3-BF4B-00C04F79EFBC}") = "EShopper.Shipping.DtoLayer", "Services\Shipping\EShopper.Shipping.DtoLayer\EShopper.Shipping.DtoLayer.csproj", "{833E97FB-7AF2-4BDC-AF1F-2EE5FF4C1E76}"
EndProject
Project("{FAE04EC0-301F-11D3-BF4B-00C04F79EFBC}") = "EShopper.Shipping.Api", "Services\Shipping\EShopper.Shipping.Api\EShopper.Shipping.Api.csproj", "{B805724A-05C3-43D9-ADA8-412C76F5EAC3}"
EndProject
Project("{FAE04EC0-301F-11D3-BF4B-00C04F79EFBC}") = "EShopper.Shipping.BusinessLayer", "Services\Shipping\EShopper.Shipping.BusinessLayer\EShopper.Shipping.BusinessLayer.csproj", "{D8CFCB4E-6C52-4555-BC00-62D62CB6443E}"
EndProject
Project("{FAE04EC0-301F-11D3-BF4B-00C04F79EFBC}") = "EShopper.Shipping.MappingLayer", "EShopper.Shipping.MappingLayer\EShopper.Shipping.MappingLayer.csproj", "{5C98A896-ECF5-4F76-ABD1-81E0B99EE6DE}"
EndProject
Project("{2150E333-8FDC-42A3-9474-1A3956D46DE8}") = "Basket", "Basket", "{21CDE241-DDDB-49EC-97F1-51E641CA996B}"
EndProject
Project("{FAE04EC0-301F-11D3-BF4B-00C04F79EFBC}") = "EShopper.Basket", "Services\Basket\EShopper.Basket\EShopper.Basket.csproj", "{D63DBBA0-9F29-456F-BADE-C0C27B568590}"
EndProject
Project("{2150E333-8FDC-42A3-9474-1A3956D46DE8}") = "Frontends", "Frontends", "{67C8F034-E321-4085-821D-827FC63E8FD1}"
EndProject
Project("{FAE04EC0-301F-11D3-BF4B-00C04F79EFBC}") = "EShopper.WebUI", "Frontends\EShopper.WebUI\EShopper.WebUI.csproj", "{AC2AB211-36A0-470A-92C3-998557B1569E}"
EndProject
Project("{FAE04EC0-301F-11D3-BF4B-00C04F79EFBC}") = "EShopper.DtoLayer", "Frontends\EShopper.DtoLayer\EShopper.DtoLayer.csproj", "{7EFBCA9F-9EBF-48B1-9392-A5AC9C4E846A}"
EndProject
Project("{2150E333-8FDC-42A3-9474-1A3956D46DE8}") = "Comment", "Comment", "{FEEC8C85-393C-4FF7-814A-E59ED8E8D59A}"
EndProject
Project("{FAE04EC0-301F-11D3-BF4B-00C04F79EFBC}") = "EShopper.Comment", "Services\Comment\EShopper.Comment\EShopper.Comment.csproj", "{3574563B-CC9A-4936-88B2-C5C0F6845739}"
EndProject
Project("{2150E333-8FDC-42A3-9474-1A3956D46DE8}") = "ApiGateway", "ApiGateway", "{02EA681E-C7D8-13C7-8484-4AC65E1B71E8}"
EndProject
Project("{FAE04EC0-301F-11D3-BF4B-00C04F79EFBC}") = "EShopper.OcelotGateway", "ApiGateway\EShopper.OcelotGateway\EShopper.OcelotGateway.csproj", "{3DE4E7FD-B7BF-4317-8D98-58B9A0CF8790}"
EndProject
Project("{2150E333-8FDC-42A3-9474-1A3956D46DE8}") = "Payment", "Payment", "{AB979196-27A1-4697-A68F-531D5B397640}"
EndProject
Project("{2150E333-8FDC-42A3-9474-1A3956D46DE8}") = "Images", "Images", "{79658B4C-FA90-4452-932D-61D27EF21A4C}"
EndProject
Project("{2150E333-8FDC-42A3-9474-1A3956D46DE8}") = "Message", "Message", "{9DE8E885-794D-4B19-8FBC-DC65D227CDEE}"
EndProject
Project("{FAE04EC0-301F-11D3-BF4B-00C04F79EFBC}") = "EShopper.Message", "Message\EShopper.Message\EShopper.Message.csproj", "{6EC3AE57-73F0-413A-B7C9-4034D95A8558}"
EndProject
Project("{2150E333-8FDC-42A3-9474-1A3956D46DE8}") = "SignalR", "SignalR", "{6A28732A-15FC-4B0F-9D31-270F21B4A935}"
EndProject
Project("{FAE04EC0-301F-11D3-BF4B-00C04F79EFBC}") = "SignalRApi", "SignalR\SignalRApi\SignalRApi.csproj", "{82BEFE51-DF4F-47A9-A4E0-E33F2EAC9EF1}"
EndProject
Global
	GlobalSection(SolutionConfigurationPlatforms) = preSolution
		Debug|Any CPU = Debug|Any CPU
		Release|Any CPU = Release|Any CPU
	EndGlobalSection
	GlobalSection(ProjectConfigurationPlatforms) = postSolution
		{4B533BBC-8F9A-4D86-9187-EDE5875DD675}.Debug|Any CPU.ActiveCfg = Debug|Any CPU
		{4B533BBC-8F9A-4D86-9187-EDE5875DD675}.Debug|Any CPU.Build.0 = Debug|Any CPU
		{4B533BBC-8F9A-4D86-9187-EDE5875DD675}.Release|Any CPU.ActiveCfg = Release|Any CPU
		{4B533BBC-8F9A-4D86-9187-EDE5875DD675}.Release|Any CPU.Build.0 = Release|Any CPU
		{7EA2559D-AC4E-4639-ACC5-5A1EC7C08063}.Debug|Any CPU.ActiveCfg = Debug|Any CPU
		{7EA2559D-AC4E-4639-ACC5-5A1EC7C08063}.Debug|Any CPU.Build.0 = Debug|Any CPU
		{7EA2559D-AC4E-4639-ACC5-5A1EC7C08063}.Release|Any CPU.ActiveCfg = Release|Any CPU
		{7EA2559D-AC4E-4639-ACC5-5A1EC7C08063}.Release|Any CPU.Build.0 = Release|Any CPU
		{68D82970-F873-4787-A958-89DCA43D1F06}.Debug|Any CPU.ActiveCfg = Debug|Any CPU
		{68D82970-F873-4787-A958-89DCA43D1F06}.Debug|Any CPU.Build.0 = Debug|Any CPU
		{68D82970-F873-4787-A958-89DCA43D1F06}.Release|Any CPU.ActiveCfg = Release|Any CPU
		{68D82970-F873-4787-A958-89DCA43D1F06}.Release|Any CPU.Build.0 = Release|Any CPU
		{285D6582-82D7-48F1-AD91-14FC8067EFCE}.Debug|Any CPU.ActiveCfg = Debug|Any CPU
		{285D6582-82D7-48F1-AD91-14FC8067EFCE}.Debug|Any CPU.Build.0 = Debug|Any CPU
		{285D6582-82D7-48F1-AD91-14FC8067EFCE}.Release|Any CPU.ActiveCfg = Release|Any CPU
		{285D6582-82D7-48F1-AD91-14FC8067EFCE}.Release|Any CPU.Build.0 = Release|Any CPU
		{ADB97B31-A245-4323-BDF9-DB1B5B4F673F}.Debug|Any CPU.ActiveCfg = Debug|Any CPU
		{ADB97B31-A245-4323-BDF9-DB1B5B4F673F}.Debug|Any CPU.Build.0 = Debug|Any CPU
		{ADB97B31-A245-4323-BDF9-DB1B5B4F673F}.Release|Any CPU.ActiveCfg = Release|Any CPU
		{ADB97B31-A245-4323-BDF9-DB1B5B4F673F}.Release|Any CPU.Build.0 = Release|Any CPU
		{3D8B0747-E730-4FB1-ABAC-6FA7965376E3}.Debug|Any CPU.ActiveCfg = Debug|Any CPU
		{3D8B0747-E730-4FB1-ABAC-6FA7965376E3}.Debug|Any CPU.Build.0 = Debug|Any CPU
		{3D8B0747-E730-4FB1-ABAC-6FA7965376E3}.Release|Any CPU.ActiveCfg = Release|Any CPU
		{3D8B0747-E730-4FB1-ABAC-6FA7965376E3}.Release|Any CPU.Build.0 = Release|Any CPU
		{521B7595-104C-4354-AE7C-27239A135CC7}.Debug|Any CPU.ActiveCfg = Debug|Any CPU
		{521B7595-104C-4354-AE7C-27239A135CC7}.Debug|Any CPU.Build.0 = Debug|Any CPU
		{521B7595-104C-4354-AE7C-27239A135CC7}.Release|Any CPU.ActiveCfg = Release|Any CPU
		{521B7595-104C-4354-AE7C-27239A135CC7}.Release|Any CPU.Build.0 = Release|Any CPU
		{171441AA-CE37-43B2-ABB7-0D688AC34AA6}.Debug|Any CPU.ActiveCfg = Debug|Any CPU
		{171441AA-CE37-43B2-ABB7-0D688AC34AA6}.Debug|Any CPU.Build.0 = Debug|Any CPU
		{171441AA-CE37-43B2-ABB7-0D688AC34AA6}.Release|Any CPU.ActiveCfg = Release|Any CPU
		{171441AA-CE37-43B2-ABB7-0D688AC34AA6}.Release|Any CPU.Build.0 = Release|Any CPU
		{B9936785-22FC-4F07-AD98-66B58F8FEF0B}.Debug|Any CPU.ActiveCfg = Debug|Any CPU
		{B9936785-22FC-4F07-AD98-66B58F8FEF0B}.Debug|Any CPU.Build.0 = Debug|Any CPU
		{B9936785-22FC-4F07-AD98-66B58F8FEF0B}.Release|Any CPU.ActiveCfg = Release|Any CPU
		{B9936785-22FC-4F07-AD98-66B58F8FEF0B}.Release|Any CPU.Build.0 = Release|Any CPU
		{833E97FB-7AF2-4BDC-AF1F-2EE5FF4C1E76}.Debug|Any CPU.ActiveCfg = Debug|Any CPU
		{833E97FB-7AF2-4BDC-AF1F-2EE5FF4C1E76}.Debug|Any CPU.Build.0 = Debug|Any CPU
		{833E97FB-7AF2-4BDC-AF1F-2EE5FF4C1E76}.Release|Any CPU.ActiveCfg = Release|Any CPU
		{833E97FB-7AF2-4BDC-AF1F-2EE5FF4C1E76}.Release|Any CPU.Build.0 = Release|Any CPU
		{B805724A-05C3-43D9-ADA8-412C76F5EAC3}.Debug|Any CPU.ActiveCfg = Debug|Any CPU
		{B805724A-05C3-43D9-ADA8-412C76F5EAC3}.Debug|Any CPU.Build.0 = Debug|Any CPU
		{B805724A-05C3-43D9-ADA8-412C76F5EAC3}.Release|Any CPU.ActiveCfg = Release|Any CPU
		{B805724A-05C3-43D9-ADA8-412C76F5EAC3}.Release|Any CPU.Build.0 = Release|Any CPU
		{D8CFCB4E-6C52-4555-BC00-62D62CB6443E}.Debug|Any CPU.ActiveCfg = Debug|Any CPU
		{D8CFCB4E-6C52-4555-BC00-62D62CB6443E}.Debug|Any CPU.Build.0 = Debug|Any CPU
		{D8CFCB4E-6C52-4555-BC00-62D62CB6443E}.Release|Any CPU.ActiveCfg = Release|Any CPU
		{D8CFCB4E-6C52-4555-BC00-62D62CB6443E}.Release|Any CPU.Build.0 = Release|Any CPU
		{5C98A896-ECF5-4F76-ABD1-81E0B99EE6DE}.Debug|Any CPU.ActiveCfg = Debug|Any CPU
		{5C98A896-ECF5-4F76-ABD1-81E0B99EE6DE}.Debug|Any CPU.Build.0 = Debug|Any CPU
		{5C98A896-ECF5-4F76-ABD1-81E0B99EE6DE}.Release|Any CPU.ActiveCfg = Release|Any CPU
		{5C98A896-ECF5-4F76-ABD1-81E0B99EE6DE}.Release|Any CPU.Build.0 = Release|Any CPU
		{D63DBBA0-9F29-456F-BADE-C0C27B568590}.Debug|Any CPU.ActiveCfg = Debug|Any CPU
		{D63DBBA0-9F29-456F-BADE-C0C27B568590}.Debug|Any CPU.Build.0 = Debug|Any CPU
		{D63DBBA0-9F29-456F-BADE-C0C27B568590}.Release|Any CPU.ActiveCfg = Release|Any CPU
		{D63DBBA0-9F29-456F-BADE-C0C27B568590}.Release|Any CPU.Build.0 = Release|Any CPU
		{AC2AB211-36A0-470A-92C3-998557B1569E}.Debug|Any CPU.ActiveCfg = Debug|Any CPU
		{AC2AB211-36A0-470A-92C3-998557B1569E}.Debug|Any CPU.Build.0 = Debug|Any CPU
		{AC2AB211-36A0-470A-92C3-998557B1569E}.Release|Any CPU.ActiveCfg = Release|Any CPU
		{AC2AB211-36A0-470A-92C3-998557B1569E}.Release|Any CPU.Build.0 = Release|Any CPU
		{7EFBCA9F-9EBF-48B1-9392-A5AC9C4E846A}.Debug|Any CPU.ActiveCfg = Debug|Any CPU
		{7EFBCA9F-9EBF-48B1-9392-A5AC9C4E846A}.Debug|Any CPU.Build.0 = Debug|Any CPU
		{7EFBCA9F-9EBF-48B1-9392-A5AC9C4E846A}.Release|Any CPU.ActiveCfg = Release|Any CPU
		{7EFBCA9F-9EBF-48B1-9392-A5AC9C4E846A}.Release|Any CPU.Build.0 = Release|Any CPU
		{3574563B-CC9A-4936-88B2-C5C0F6845739}.Debug|Any CPU.ActiveCfg = Debug|Any CPU
		{3574563B-CC9A-4936-88B2-C5C0F6845739}.Debug|Any CPU.Build.0 = Debug|Any CPU
		{3574563B-CC9A-4936-88B2-C5C0F6845739}.Release|Any CPU.ActiveCfg = Release|Any CPU
		{3574563B-CC9A-4936-88B2-C5C0F6845739}.Release|Any CPU.Build.0 = Release|Any CPU
		{3DE4E7FD-B7BF-4317-8D98-58B9A0CF8790}.Debug|Any CPU.ActiveCfg = Debug|Any CPU
		{3DE4E7FD-B7BF-4317-8D98-58B9A0CF8790}.Debug|Any CPU.Build.0 = Debug|Any CPU
		{3DE4E7FD-B7BF-4317-8D98-58B9A0CF8790}.Release|Any CPU.ActiveCfg = Release|Any CPU
		{3DE4E7FD-B7BF-4317-8D98-58B9A0CF8790}.Release|Any CPU.Build.0 = Release|Any CPU
		{6EC3AE57-73F0-413A-B7C9-4034D95A8558}.Debug|Any CPU.ActiveCfg = Debug|Any CPU
		{6EC3AE57-73F0-413A-B7C9-4034D95A8558}.Debug|Any CPU.Build.0 = Debug|Any CPU
		{6EC3AE57-73F0-413A-B7C9-4034D95A8558}.Release|Any CPU.ActiveCfg = Release|Any CPU
		{6EC3AE57-73F0-413A-B7C9-4034D95A8558}.Release|Any CPU.Build.0 = Release|Any CPU
		{82BEFE51-DF4F-47A9-A4E0-E33F2EAC9EF1}.Debug|Any CPU.ActiveCfg = Debug|Any CPU
		{82BEFE51-DF4F-47A9-A4E0-E33F2EAC9EF1}.Debug|Any CPU.Build.0 = Debug|Any CPU
		{82BEFE51-DF4F-47A9-A4E0-E33F2EAC9EF1}.Release|Any CPU.ActiveCfg = Release|Any CPU
		{82BEFE51-DF4F-47A9-A4E0-E33F2EAC9EF1}.Release|Any CPU.Build.0 = Release|Any CPU
	EndGlobalSection
	GlobalSection(SolutionProperties) = preSolution
		HideSolutionNode = FALSE
	EndGlobalSection
	GlobalSection(NestedProjects) = preSolution
		{E4993143-400E-4A53-814E-889F7EF548DF} = {22795D49-0BD6-4412-AEA6-1F4D995130B0}
		{4B533BBC-8F9A-4D86-9187-EDE5875DD675} = {E4993143-400E-4A53-814E-889F7EF548DF}
		{9F97C1C6-5D36-4FD7-81C6-6C7C68C90641} = {22795D49-0BD6-4412-AEA6-1F4D995130B0}
		{7EA2559D-AC4E-4639-ACC5-5A1EC7C08063} = {9F97C1C6-5D36-4FD7-81C6-6C7C68C90641}
		{17072620-6990-411D-A98F-211504ACEA94} = {22795D49-0BD6-4412-AEA6-1F4D995130B0}
		{07E7A79F-D5C2-4C63-A051-E5F5DBDE3811} = {17072620-6990-411D-A98F-211504ACEA94}
		{7E8595BD-1C44-4267-999B-1C2B6B3DF4AF} = {17072620-6990-411D-A98F-211504ACEA94}
		{33E144E8-120F-4272-9141-8FCF0F36B586} = {17072620-6990-411D-A98F-211504ACEA94}
		{68D82970-F873-4787-A958-89DCA43D1F06} = {07E7A79F-D5C2-4C63-A051-E5F5DBDE3811}
		{285D6582-82D7-48F1-AD91-14FC8067EFCE} = {07E7A79F-D5C2-4C63-A051-E5F5DBDE3811}
		{ADB97B31-A245-4323-BDF9-DB1B5B4F673F} = {7E8595BD-1C44-4267-999B-1C2B6B3DF4AF}
		{3D8B0747-E730-4FB1-ABAC-6FA7965376E3} = {33E144E8-120F-4272-9141-8FCF0F36B586}
		{521B7595-104C-4354-AE7C-27239A135CC7} = {4DC8921F-65CC-4C8B-87BC-CF2893EF349F}
		{8FA73EFB-E3C7-434D-B4EF-25924216FBCB} = {22795D49-0BD6-4412-AEA6-1F4D995130B0}
		{171441AA-CE37-43B2-ABB7-0D688AC34AA6} = {8FA73EFB-E3C7-434D-B4EF-25924216FBCB}
		{B9936785-22FC-4F07-AD98-66B58F8FEF0B} = {8FA73EFB-E3C7-434D-B4EF-25924216FBCB}
		{833E97FB-7AF2-4BDC-AF1F-2EE5FF4C1E76} = {8FA73EFB-E3C7-434D-B4EF-25924216FBCB}
		{B805724A-05C3-43D9-ADA8-412C76F5EAC3} = {8FA73EFB-E3C7-434D-B4EF-25924216FBCB}
		{D8CFCB4E-6C52-4555-BC00-62D62CB6443E} = {8FA73EFB-E3C7-434D-B4EF-25924216FBCB}
		{5C98A896-ECF5-4F76-ABD1-81E0B99EE6DE} = {8FA73EFB-E3C7-434D-B4EF-25924216FBCB}
		{21CDE241-DDDB-49EC-97F1-51E641CA996B} = {22795D49-0BD6-4412-AEA6-1F4D995130B0}
		{D63DBBA0-9F29-456F-BADE-C0C27B568590} = {21CDE241-DDDB-49EC-97F1-51E641CA996B}
		{AC2AB211-36A0-470A-92C3-998557B1569E} = {67C8F034-E321-4085-821D-827FC63E8FD1}
		{7EFBCA9F-9EBF-48B1-9392-A5AC9C4E846A} = {67C8F034-E321-4085-821D-827FC63E8FD1}
		{FEEC8C85-393C-4FF7-814A-E59ED8E8D59A} = {22795D49-0BD6-4412-AEA6-1F4D995130B0}
		{3574563B-CC9A-4936-88B2-C5C0F6845739} = {FEEC8C85-393C-4FF7-814A-E59ED8E8D59A}
		{3DE4E7FD-B7BF-4317-8D98-58B9A0CF8790} = {02EA681E-C7D8-13C7-8484-4AC65E1B71E8}
		{AB979196-27A1-4697-A68F-531D5B397640} = {22795D49-0BD6-4412-AEA6-1F4D995130B0}
		{79658B4C-FA90-4452-932D-61D27EF21A4C} = {22795D49-0BD6-4412-AEA6-1F4D995130B0}
		{9DE8E885-794D-4B19-8FBC-DC65D227CDEE} = {22795D49-0BD6-4412-AEA6-1F4D995130B0}
		{6EC3AE57-73F0-413A-B7C9-4034D95A8558} = {9DE8E885-794D-4B19-8FBC-DC65D227CDEE}
		{6A28732A-15FC-4B0F-9D31-270F21B4A935} = {22795D49-0BD6-4412-AEA6-1F4D995130B0}
		{82BEFE51-DF4F-47A9-A4E0-E33F2EAC9EF1} = {6A28732A-15FC-4B0F-9D31-270F21B4A935}
	EndGlobalSection
	GlobalSection(ExtensibilityGlobals) = postSolution
		SolutionGuid = {52D7B0EB-B24B-4C7A-A82F-2408499BF19E}
	EndGlobalSection
EndGlobal
