
Microsoft Visual Studio Solution File, Format Version 12.00
# Visual Studio Version 17
VisualStudioVersion = 17.12.35521.163
MinimumVisualStudioVersion = 10.0.40219.1
Project("{2150E333-8FDC-42A3-9474-1A3956D46DE8}") = "Services", "Services", "{22795D49-0BD6-4412-AEA6-1F4D995130B0}"
EndProject
Project("{2150E333-8FDC-42A3-9474-1A3956D46DE8}") = "Catalog", "Catalog", "{E4993143-400E-4A53-814E-889F7EF548DF}"
EndProject
Project("{FAE04EC0-301F-11D3-BF4B-00C04F79EFBC}") = "EShopper.Catalog", "Services\Catalog\EShopper.Catalog\EShopper.Catalog.csproj", "{4B533BBC-8F9A-4D86-9187-EDE5875DD675}"
EndProject
Project("{2150E333-8FDC-42A3-9474-1A3956D46DE8}") = "Discount", "Discount", "{9F97C1C6-5D36-4FD7-81C6-6C7C68C90641}"
EndProject
Project("{FAE04EC0-301F-11D3-BF4B-00C04F79EFBC}") = "EShopper.Discount", "Services\Discount\EShopper.Discount\EShopper.Discount.csproj", "{7EA2559D-AC4E-4639-ACC5-5A1EC7C08063}"
EndProject
Project("{2150E333-8FDC-42A3-9474-1A3956D46DE8}") = "Order", "Order", "{17072620-6990-411D-A98F-211504ACEA94}"
EndProject
Project("{2150E333-8FDC-42A3-9474-1A3956D46DE8}") = "Core", "Core", "{07E7A79F-D5C2-4C63-A051-E5F5DBDE3811}"
EndProject
Project("{2150E333-8FDC-42A3-9474-1A3956D46DE8}") = "Infrastructure", "Infrastructure", "{7E8595BD-1C44-4267-999B-1C2B6B3DF4AF}"
EndProject
Project("{2150E333-8FDC-42A3-9474-1A3956D46DE8}") = "Presentation", "Presentation", "{33E144E8-120F-4272-9141-8FCF0F36B586}"
EndProject
Project("{FAE04EC0-301F-11D3-BF4B-00C04F79EFBC}") = "EShopper.Order.Domain", "Services\Order\Core\EShopper.Order.Domain\EShopper.Order.Domain.csproj", "{68D82970-F873-4787-A958-89DCA43D1F06}"
EndProject
Global
	GlobalSection(SolutionConfigurationPlatforms) = preSolution
		Debug|Any CPU = Debug|Any CPU
		Release|Any CPU = Release|Any CPU
	EndGlobalSection
	GlobalSection(ProjectConfigurationPlatforms) = postSolution
		{4B533BBC-8F9A-4D86-9187-EDE5875DD675}.Debug|Any CPU.ActiveCfg = Debug|Any CPU
		{4B533BBC-8F9A-4D86-9187-EDE5875DD675}.Debug|Any CPU.Build.0 = Debug|Any CPU
		{4B533BBC-8F9A-4D86-9187-EDE5875DD675}.Release|Any CPU.ActiveCfg = Release|Any CPU
		{4B533BBC-8F9A-4D86-9187-EDE5875DD675}.Release|Any CPU.Build.0 = Release|Any CPU
		{7EA2559D-AC4E-4639-ACC5-5A1EC7C08063}.Debug|Any CPU.ActiveCfg = Debug|Any CPU
		{7EA2559D-AC4E-4639-ACC5-5A1EC7C08063}.Debug|Any CPU.Build.0 = Debug|Any CPU
		{7EA2559D-AC4E-4639-ACC5-5A1EC7C08063}.Release|Any CPU.ActiveCfg = Release|Any CPU
		{7EA2559D-AC4E-4639-ACC5-5A1EC7C08063}.Release|Any CPU.Build.0 = Release|Any CPU
		{68D82970-F873-4787-A958-89DCA43D1F06}.Debug|Any CPU.ActiveCfg = Debug|Any CPU
		{68D82970-F873-4787-A958-89DCA43D1F06}.Debug|Any CPU.Build.0 = Debug|Any CPU
		{68D82970-F873-4787-A958-89DCA43D1F06}.Release|Any CPU.ActiveCfg = Release|Any CPU
		{68D82970-F873-4787-A958-89DCA43D1F06}.Release|Any CPU.Build.0 = Release|Any CPU
	EndGlobalSection
	GlobalSection(SolutionProperties) = preSolution
		HideSolutionNode = FALSE
	EndGlobalSection
	GlobalSection(NestedProjects) = preSolution
		{E4993143-400E-4A53-814E-889F7EF548DF} = {22795D49-0BD6-4412-AEA6-1F4D995130B0}
		{4B533BBC-8F9A-4D86-9187-EDE5875DD675} = {E4993143-400E-4A53-814E-889F7EF548DF}
		{9F97C1C6-5D36-4FD7-81C6-6C7C68C90641} = {22795D49-0BD6-4412-AEA6-1F4D995130B0}
		{7EA2559D-AC4E-4639-ACC5-5A1EC7C08063} = {9F97C1C6-5D36-4FD7-81C6-6C7C68C90641}
		{17072620-6990-411D-A98F-211504ACEA94} = {22795D49-0BD6-4412-AEA6-1F4D995130B0}
		{07E7A79F-D5C2-4C63-A051-E5F5DBDE3811} = {17072620-6990-411D-A98F-211504ACEA94}
		{7E8595BD-1C44-4267-999B-1C2B6B3DF4AF} = {17072620-6990-411D-A98F-211504ACEA94}
		{33E144E8-120F-4272-9141-8FCF0F36B586} = {17072620-6990-411D-A98F-211504ACEA94}
		{68D82970-F873-4787-A958-89DCA43D1F06} = {07E7A79F-D5C2-4C63-A051-E5F5DBDE3811}
	EndGlobalSection
EndGlobal
